# THIS IS AN AUTOGENERATED FILE. DO NOT EDIT THIS FILE DIRECTLY.
# yarn lockfile v1


"@preline/collapse@^2.1.0":
  version "2.1.0"
  resolved "https://registry.yarnpkg.com/@preline/collapse/-/collapse-2.1.0.tgz#278a92224a6b889559aafab75e8905d637787f94"
  integrity sha512-+QwEe+LNseV80GWH5vOd1RscpFK+o0j2E+1sph5+o8poBIiC81xS2AlhPpuMykRvy/LtZMsptm7Ppc5b0Q4fPw==
